<?xml version="1.0" encoding="UTF-8" standalone="yes" ?>
<CodeBlocks_project_file>
	<FileVersion major="1" minor="6" />
	<Project>
		<Option title="new" />
		<Option pch_mode="2" />
		<Option compiler="gcc" />
		<Build>
			<Target title="Debug">
				<Option output="bin/Debug/new" prefix_auto="1" extension_auto="1" />
				<Option object_output="obj/Debug/" />
				<Option type="1" />
				<Option compiler="gcc" />
				<Compiler>
					<Add option="-g" />
				</Compiler>
			</Target>
			<Target title="Release">
				<Option output="bin/Release/new" prefix_auto="1" extension_auto="1" />
				<Option object_output="obj/Release/" />
				<Option type="1" />
				<Option compiler="gcc" />
				<Compiler>
					<Add option="-O2" />
				</Compiler>
				<Linker>
					<Add option="-s" />
				</Linker>
			</Target>
		</Build>
		<Compiler>
			<Add option="-Wall" />
		</Compiler>
		<Unit filename="Break.c">
			<Option compilerVar="CC" />
		</Unit>
		<Unit filename="booleans.c">
			<Option compilerVar="CC" />
		</Unit>
		<Unit filename="case senstive.c">
			<Option compilerVar="CC" />
		</Unit>
		<Unit filename="cha.c">
			<Option compilerVar="CC" />
		</Unit>
		<Unit filename="cloop.c">
			<Option compilerVar="CC" />
		</Unit>
		<Unit filename="const.c">
			<Option compilerVar="CC" />
		</Unit>
		<Unit filename="doWhileloop.c">
			<Option compilerVar="CC" />
		</Unit>
		<Unit filename="expilicity.c">
			<Option compilerVar="CC" />
		</Unit>
		<Unit filename="implicity.c">
			<Option compilerVar="CC" />
		</Unit>
		<Unit filename="include.c">
			<Option compilerVar="CC" />
		</Unit>
		<Unit filename="loop.c">
			<Option compilerVar="CC" />
		</Unit>
		<Unit filename="main.c">
			<Option compilerVar="CC" />
		</Unit>
		<Unit filename="realWorld.c">
			<Option compilerVar="CC" />
		</Unit>
		<Unit filename="realWorld2.c">
			<Option compilerVar="CC" />
		</Unit>
		<Unit filename="realWorldexample.c">
			<Option compilerVar="CC" />
		</Unit>
		<Unit filename="reallife-example.c">
			<Option compilerVar="CC" />
		</Unit>
		<Unit filename="sizeOd.c">
			<Option compilerVar="CC" />
		</Unit>
		<Unit filename="typeConversions.c">
			<Option compilerVar="CC" />
		</Unit>
		<Unit filename="whileloopRealworld.c">
			<Option compilerVar="CC" />
		</Unit>
		<Unit filename="whool.c">
			<Option compilerVar="CC" />
		</Unit>
		<Extensions>
			<lib_finder disable_auto="1" />
		</Extensions>
	</Project>
</CodeBlocks_project_file>
